
Microsoft Visual Studio Solution File, Format Version 12.00
# Visual Studio 14
VisualStudioVersion = 14.0.25420.1
MinimumVisualStudioVersion = 10.0.40219.1
Project("{FAE04EC0-301F-11D3-BF4B-00C04F79EFBC}") = "跳一跳辅助工具", "跳一跳辅助工具\跳一跳辅助工具.csproj", "{BBB80E16-B683-4058-B704-1417392E197C}"
EndProject
Global
	GlobalSection(SolutionConfigurationPlatforms) = preSolution
		Debug|Any CPU = Debug|Any CPU
		Release|Any CPU = Release|Any CPU
	EndGlobalSection
	GlobalSection(ProjectConfigurationPlatforms) = postSolution
		{BBB80E16-B683-4058-B704-1417392E197C}.Debug|Any CPU.ActiveCfg = Debug|Any CPU
		{BBB80E16-B683-4058-B704-1417392E197C}.Debug|Any CPU.Build.0 = Debug|Any CPU
		{BBB80E16-B683-4058-B704-1417392E197C}.Release|Any CPU.ActiveCfg = Release|Any CPU
		{BBB80E16-B683-4058-B704-1417392E197C}.Release|Any CPU.Build.0 = Release|Any CPU
	EndGlobalSection
	GlobalSection(SolutionProperties) = preSolution
		HideSolutionNode = FALSE
	EndGlobalSection
EndGlobal
